{
    "_meta": {
        "hash": {
            "sha256": "3b3b5adcf9d81e51b751e5575c7810bbe8226e6a9799771da5351359b5cc06fb"
        },
        "pipfile-spec": 6,
        "requires": {
            "python_version": "3.12"
        },
        "sources": [
            {
                "name": "pypi",
                "url": "https://pypi.org/simple",
                "verify_ssl": true
            }
        ]
    },
    "default": {
        "asgiref": {
            "hashes": [
                "sha256:3e1e3ecc849832fe52ccf2cb6686b7a55f82bb1d6aee72a58826471390335e47",
                "sha256:c343bd80a0bec947a9860adb4c432ffa7db769836c64238fc34bdc3fec84d590"
            ],
            "markers": "python_version >= '3.8'",
            "version": "==3.8.1"
        },
        "crispy-bootstrap5": {
            "hashes": [
                "sha256:51efa19c7d40e339774a6fe23407e83b95b7634cad6de70fd1f1093131bea1d9",
                "sha256:d675ea7e245048905077dfe16bf1fa1ee16842f52fe88164ccc8a5e2d11119b3"
            ],
            "index": "pypi",
            "markers": "python_version >= '3.8'",
            "version": "==2025.4"
        },
        "dj-database-url": {
            "hashes": [
                "sha256:ae52e8e634186b57e5a45e445da5dc407a819c2ceed8a53d1fac004cc5288787",
                "sha256:bb0d414ba0ac5cd62773ec7f86f8cc378a9dbb00a80884c2fc08cc570452521e"
            ],
            "version": "==2.3.0"
        },
        "dj-email-url": {
            "hashes": [
                "sha256:55ffe3329e48f54f8a75aa36ece08f365e09d61f8a209773ef09a1d4760e699a",
                "sha256:cbd08327fbb08b104eac160fb4703f375532e4c0243eb230f5b960daee7a96db"
            ],
            "version": "==1.0.6"
        },
        "django": {
            "hashes": [
                "sha256:1a47f7a7a3d43ce64570d350e008d2949abe8c7e21737b351b6a1611277c6d89",
                "sha256:91ceed4e3a6db5aedced65e3c8f963118ea9ba753fc620831c77074e620e7d83"
            ],
            "index": "pypi",
            "markers": "python_version >= '3.10'",
            "version": "==5.2"
        },
        "django-cache-url": {
            "hashes": [
                "sha256:5f350759978483ab85dc0e3e17b3d53eed3394a28148f6bf0f53d11d0feb5b3c",
                "sha256:eb9fb194717524348c95cad9905b70b647452741c1d9e481fac6d2125f0ad917"
            ],
            "version": "==3.4.5"
        },
        "django-cors-headers": {
            "hashes": [
                "sha256:6fdf31bf9c6d6448ba09ef57157db2268d515d94fc5c89a0a1028e1fc03ee52b",
                "sha256:f1c125dcd58479fe7a67fe2499c16ee38b81b397463cf025f0e2c42937421070"
            ],
            "index": "pypi",
            "markers": "python_version >= '3.9'",
            "version": "==4.7.0"
        },
        "django-crispy-forms": {
            "hashes": [
                "sha256:5a4b99876cfb1bdd3e47727731b6d4197c51c0da502befbfbec6a93010b02030",
                "sha256:915e1ffdeb2987d78b33fabfeff8e5203c8776aa910a3a659a2c514ca125f3bd"
            ],
            "index": "pypi",
            "markers": "python_version >= '3.8'",
            "version": "==2.4"
        },
        "environs": {
            "extras": [
                "django"
            ],
            "hashes": [
                "sha256:03db7ee2d50ec697b68814cd175a3a05a7c7954804e4e419ca8b570dc5a835cf",
                "sha256:45bc56f1d53bbc59d8dd69bba97377dd88ec28b8229d81cedbd455b21789445b"
            ],
            "markers": "python_version >= '3.9'",
            "version": "==14.1.1"
        },
        "gunicorn": {
            "hashes": [
                "sha256:ec400d38950de4dfd418cff8328b2c8faed0edb0d517d3394e457c317908ca4d",
                "sha256:f014447a0101dc57e294f6c18ca6b40227a4c90e9bdb586042628030cba004ec"
            ],
            "index": "pypi",
            "markers": "python_version >= '3.7'",
            "version": "==23.0.0"
        },
        "marshmallow": {
            "hashes": [
                "sha256:3350409f20a70a7e4e11a27661187b77cdcaeb20abca41c1454fe33636bea09c",
                "sha256:e6d8affb6cb61d39d26402096dc0aee12d5a26d490a121f118d2e81dc0719dc6"
            ],
            "markers": "python_version >= '3.9'",
            "version": "==3.26.1"
        },
        "packaging": {
            "hashes": [
                "sha256:09abb1bccd265c01f4a3aa3f7a7db064b36514d2cba19a2f694fe6150451a759",
                "sha256:c228a6dc5e932d346bc5739379109d49e8853dd8223571c7c5b55260edc0b97f"
            ],
            "markers": "python_version >= '3.8'",
            "version": "==24.2"
        },
        "python-dotenv": {
            "hashes": [
                "sha256:41f90bc6f5f177fb41f53e87666db362025010eb28f60a01c9143bfa33a2b2d5",
                "sha256:d7c01d9e2293916c18baf562d95698754b0dbbb5e74d457c45d4f6561fb9d55d"
            ],
            "markers": "python_version >= '3.9'",
            "version": "==1.1.0"
        },
        "sqlparse": {
            "hashes": [
                "sha256:09f67787f56a0b16ecdbde1bfc7f5d9c3371ca683cfeaa8e6ff60b4807ec9272",
                "sha256:cf2196ed3418f3ba5de6af7e82c694a9fbdbfecccdfc72e281548517081f16ca"
            ],
            "markers": "python_version >= '3.8'",
            "version": "==0.5.3"
        },
        "typing-extensions": {
            "hashes": [
                "sha256:a439e7c04b49fec3e5d3e2beaa21755cadbbdc391694e28ccdd36ca4a1408f8c",
                "sha256:e6c81219bd689f51865d9e372991c540bda33a0379d5573cddb9a3a23f7caaef"
            ],
            "markers": "python_version >= '3.8'",
            "version": "==4.13.2"
        },
        "whitenoise": {
            "hashes": [
                "sha256:8c4a7c9d384694990c26f3047e118c691557481d624f069b7f7752a2f735d609",
                "sha256:c8a489049b7ee9889617bb4c274a153f3d979e8f51d2efd0f5b403caf41c57df"
            ],
            "index": "pypi",
            "markers": "python_version >= '3.9'",
            "version": "==6.9.0"
        }
    },
    "develop": {}
}
