{
    "_meta": {
        "hash": {
            "sha256": "3144f2fe2eed2de9491df204f54285b85f795b6838c34ca6ff28b7bc8d8e289c"
        },
        "pipfile-spec": 6,
        "requires": {
            "python_version": "3.12"
        },
        "sources": [
            {
                "name": "pypi",
                "url": "https://pypi.org/simple",
                "verify_ssl": true
            }
        ]
    },
    "default": {
        "asgiref": {
            "hashes": [
                "sha256:a5ab6582236218e5ef1648f242fd9f10626cfd4de8dc377db215d5d5098e3142",
                "sha256:f3bba7092a48005b5f5bacd747d36ee4a5a61f4a269a6df590b43144355ebd2c"
            ],
            "markers": "python_version >= '3.9'",
            "version": "==3.9.1"
        },
        "crispy-bootstrap5": {
            "hashes": [
                "sha256:a343aa128b4383f35f00295b94de2b10862f2a4f24eda21fa6ead45234c07050",
                "sha256:f1bde7cac074c650fc82f31777d4a4cfd0df2512c68bc4128f259c75d3daada4"
            ],
            "index": "pypi",
            "markers": "python_version >= '3.8'",
            "version": "==2025.6"
        },
        "dj-database-url": {
            "hashes": [
                "sha256:43950018e1eeea486bf11136384aec0fe55b29fe6fd8a44553231b85661d9383",
                "sha256:8994961efb888fc6bf8c41550870c91f6f7691ca751888ebaa71442b7f84eff8"
            ],
            "version": "==3.0.1"
        },
        "dj-email-url": {
            "hashes": [
                "sha256:55ffe3329e48f54f8a75aa36ece08f365e09d61f8a209773ef09a1d4760e699a",
                "sha256:cbd08327fbb08b104eac160fb4703f375532e4c0243eb230f5b960daee7a96db"
            ],
            "version": "==1.0.6"
        },
        "django": {
            "hashes": [
                "sha256:60549579b1174a304b77e24a93d8d9fafe6b6c03ac16311f3e25918ea5a20058",
                "sha256:da5e00372763193d73cecbf71084a3848458cecf4cee36b9a1e8d318d114a87b"
            ],
            "index": "pypi",
            "markers": "python_version >= '3.10'",
            "version": "==5.2.6"
        },
        "django-cache-url": {
            "hashes": [
                "sha256:5f350759978483ab85dc0e3e17b3d53eed3394a28148f6bf0f53d11d0feb5b3c",
                "sha256:eb9fb194717524348c95cad9905b70b647452741c1d9e481fac6d2125f0ad917"
            ],
            "version": "==3.4.5"
        },
        "django-cors-headers": {
            "hashes": [
                "sha256:0a12a2efcd59a3cea741e44db8ab589e929949de5bc4cdf35a29c6ae77297686",
                "sha256:3b883f4c6d07848673218456a5e070d8ab51f97341c1f27d0242ca167e7272ab"
            ],
            "index": "pypi",
            "markers": "python_version >= '3.9'",
            "version": "==4.8.0"
        },
        "django-crispy-forms": {
            "hashes": [
                "sha256:5a4b99876cfb1bdd3e47727731b6d4197c51c0da502befbfbec6a93010b02030",
                "sha256:915e1ffdeb2987d78b33fabfeff8e5203c8776aa910a3a659a2c514ca125f3bd"
            ],
            "index": "pypi",
            "markers": "python_version >= '3.8'",
            "version": "==2.4"
        },
        "environs": {
            "extras": [
                "django"
            ],
            "hashes": [
                "sha256:20672d92db325ce8114872b1989104eb84f083486325b5a44bcddff56472a384",
                "sha256:91e4c4ea964be277855cdd83a588f6375f10fad9fa452660ecb9f503c230f26a"
            ],
            "markers": "python_version >= '3.9'",
            "version": "==14.3.0"
        },
        "gunicorn": {
            "hashes": [
                "sha256:ec400d38950de4dfd418cff8328b2c8faed0edb0d517d3394e457c317908ca4d",
                "sha256:f014447a0101dc57e294f6c18ca6b40227a4c90e9bdb586042628030cba004ec"
            ],
            "index": "pypi",
            "markers": "python_version >= '3.7'",
            "version": "==23.0.0"
        },
        "marshmallow": {
            "hashes": [
                "sha256:72f14ef346f81269dbddee891bac547dda1501e9e08b6a809756ea3dbb7936a1",
                "sha256:e1d860bd262737cb2d34e1541b84cb52c32c72c9474e3fe6f30f137ef8b0d97f"
            ],
            "markers": "python_version >= '3.9'",
            "version": "==4.0.1"
        },
        "packaging": {
            "hashes": [
                "sha256:29572ef2b1f17581046b3a2227d5c611fb25ec70ca1ba8554b24b0e69331a484",
                "sha256:d443872c98d677bf60f6a1f2f8c1cb748e8fe762d2bf9d3148b5599295b0fc4f"
            ],
            "markers": "python_version >= '3.8'",
            "version": "==25.0"
        },
        "psycopg2": {
            "hashes": [
                "sha256:0435034157049f6846e95103bd8f5a668788dd913a7c30162ca9503fdf542cb4",
                "sha256:12ec0b40b0273f95296233e8750441339298e6a572f7039da5b260e3c8b60e11",
                "sha256:47c4f9875125344f4c2b870e41b6aad585901318068acd01de93f3677a6522c2",
                "sha256:4a579d6243da40a7b3182e0430493dbd55950c493d8c68f4eec0b302f6bbf20e",
                "sha256:5df2b672140f95adb453af93a7d669d7a7bf0a56bcd26f1502329166f4a61716",
                "sha256:65a63d7ab0e067e2cdb3cf266de39663203d38d6a8ed97f5ca0cb315c73fe067",
                "sha256:88138c8dedcbfa96408023ea2b0c369eda40fe5d75002c0964c78f46f11fa442",
                "sha256:91fd603a2155da8d0cfcdbf8ab24a2d54bca72795b90d2a3ed2b6da8d979dee2",
                "sha256:9d5b3b94b79a844a986d029eee38998232451119ad653aea42bb9220a8c5066b",
                "sha256:c6f7b8561225f9e711a9c47087388a97fdc948211c10a4bccbf0ba68ab7b3b5a"
            ],
            "index": "pypi",
            "markers": "python_version >= '3.8'",
            "version": "==2.9.10"
        },
        "python-dotenv": {
            "hashes": [
                "sha256:31f23644fe2602f88ff55e1f5c79ba497e01224ee7737937930c448e4d0e24dc",
                "sha256:a8a6399716257f45be6a007360200409fce5cda2661e3dec71d23dc15f6189ab"
            ],
            "markers": "python_version >= '3.9'",
            "version": "==1.1.1"
        },
        "sqlparse": {
            "hashes": [
                "sha256:09f67787f56a0b16ecdbde1bfc7f5d9c3371ca683cfeaa8e6ff60b4807ec9272",
                "sha256:cf2196ed3418f3ba5de6af7e82c694a9fbdbfecccdfc72e281548517081f16ca"
            ],
            "markers": "python_version >= '3.8'",
            "version": "==0.5.3"
        },
        "whitenoise": {
            "hashes": [
                "sha256:7b7e53de65d749cb1ce4a7100e751d9742e323b52746f9f93944c0d348ea2d02",
                "sha256:bad74a40b33b055ba59731b6048dd08d5647f273b72bef922aa43ddd287b02da"
            ],
            "index": "pypi",
            "markers": "python_version >= '3.9'",
            "version": "==6.10.0"
        }
    },
    "develop": {
        "coverage": {
            "hashes": [
                "sha256:073711de3181b2e204e4870ac83a7c4853115b42e9cd4d145f2231e12d670930",
                "sha256:081b98395ced0d9bcf60ada7661a0b75f36b78b9d7e39ea0790bb4ed8da14747",
                "sha256:0de434f4fbbe5af4fa7989521c655c8c779afb61c53ab561b64dcee6149e4c65",
                "sha256:0e93b1476b79eae849dc3872faeb0bf7948fd9ea34869590bc16a2a00b9c82a7",
                "sha256:0f3f56e4cb573755e96a16501a98bf211f100463d70275759e73f3cbc00d4f27",
                "sha256:0f7cb359a448e043c576f0da00aa8bfd796a01b06aa610ca453d4dde09cc1034",
                "sha256:10356fdd33a7cc06e8051413140bbdc6f972137508a3572e3f59f805cd2832fd",
                "sha256:137921f2bac5559334ba66122b753db6dc5d1cf01eb7b64eb412bb0d064ef35b",
                "sha256:160c00a5e6b6bdf4e5984b0ef21fc860bc94416c41b7df4d63f536d17c38902e",
                "sha256:2195f8e16ba1a44651ca684db2ea2b2d4b5345da12f07d9c22a395202a05b23c",
                "sha256:282b1b20f45df57cc508c1e033403f02283adfb67d4c9c35a90281d81e5c52c5",
                "sha256:28395ca3f71cd103b8c116333fa9db867f3a3e1ad6a084aa3725ae002b6583bc",
                "sha256:2904271c80898663c810a6b067920a61dd8d38341244a3605bd31ab55250dad5",
                "sha256:2b38261034fda87be356f2c3f42221fdb4171c3ce7658066ae449241485390d5",
                "sha256:2e4c33e6378b9d52d3454bd08847a8651f4ed23ddbb4a0520227bd346382bbc6",
                "sha256:388d80e56191bf846c485c14ae2bc8898aa3124d9d35903fef7d907780477634",
                "sha256:3e23dd5408fe71a356b41baa82892772a4cefcf758f2ca3383d2aa39e1b7a003",
                "sha256:3fb99d0786fe17b228eab663d16bee2288e8724d26a199c29325aac4b0319b9b",
                "sha256:441c357d55f4936875636ef2cfb3bee36e466dcf50df9afbd398ce79dba1ebb7",
                "sha256:4cec13817a651f8804a86e4f79d815b3b28472c910e099e4d5a0e8a3b6a1d4cb",
                "sha256:5aea98383463d6e1fa4e95416d8de66f2d0cb588774ee20ae1b28df826bcb619",
                "sha256:5b15a87265e96307482746d86995f4bff282f14b027db75469c446da6127433b",
                "sha256:5b2dd6059938063a2c9fee1af729d4f2af28fd1a545e9b7652861f0d752ebcea",
                "sha256:5e75e37f23eb144e78940b40395b42f2321951206a4f50e23cfd6e8a198d3ceb",
                "sha256:6008a021907be8c4c02f37cdc3ffb258493bdebfeaf9a839f9e71dfdc47b018e",
                "sha256:61c950fc33d29c91b9e18540e1aed7d9f6787cc870a3e4032493bbbe641d12fc",
                "sha256:628055297f3e2aa181464c3808402887643405573eb3d9de060d81531fa79d32",
                "sha256:675824a363cc05781b1527b39dc2587b8984965834a748177ee3c37b64ffeafb",
                "sha256:689920ecfd60f992cafca4f5477d55720466ad2c7fa29bb56ac8d44a1ac2b47a",
                "sha256:692d70ea725f471a547c305f0d0fc6a73480c62fb0da726370c088ab21aed282",
                "sha256:6937347c5d7d069ee776b2bf4e1212f912a9f1f141a429c475e6089462fcecc5",
                "sha256:6b3039e2ca459a70c79523d39347d83b73f2f06af5624905eba7ec34d64d80b5",
                "sha256:6e31b8155150c57e5ac43ccd289d079eb3f825187d7c66e755a055d2c85794c6",
                "sha256:70e7bfbd57126b5554aa482691145f798d7df77489a177a6bef80de78860a356",
                "sha256:752a3005a1ded28f2f3a6e8787e24f28d6abe176ca64677bcd8d53d6fe2ec08a",
                "sha256:7d79dabc0a56f5af990cc6da9ad1e40766e82773c075f09cc571e2076fef882e",
                "sha256:7eb68d356ba0cc158ca535ce1381dbf2037fa8cb5b1ae5ddfc302e7317d04144",
                "sha256:80b1695cf7c5ebe7b44bf2521221b9bb8cdf69b1f24231149a7e3eb1ae5fa2fb",
                "sha256:851430a9a361c7a8484a36126d1d0ff8d529d97385eacc8dfdc9bfc8c2d2cbe4",
                "sha256:856986eadf41f52b214176d894a7de05331117f6035a28ac0016c0f63d887629",
                "sha256:86b9b59f2b16e981906e9d6383eb6446d5b46c278460ae2c36487667717eccf1",
                "sha256:8953746d371e5695405806c46d705a3cd170b9cc2b9f93953ad838f6c1e58612",
                "sha256:8cdbe264f11afd69841bd8c0d83ca10b5b32853263ee62e6ac6a0ab63895f972",
                "sha256:8dd5af36092430c2b075cee966719898f2ae87b636cefb85a653f1d0ba5d5393",
                "sha256:8e0c38dc289e0508ef68ec95834cb5d2e96fdbe792eaccaa1bccac3966bbadcc",
                "sha256:90558c35af64971d65fbd935c32010f9a2f52776103a259f1dee865fe8259352",
                "sha256:90cb5b1a4670662719591aa92d0095bb41714970c0b065b02a2610172dbf0af6",
                "sha256:92be86fcb125e9bda0da7806afd29a3fd33fdf58fba5d60318399adf40bf37d0",
                "sha256:92c4ecf6bf11b2e85fd4d8204814dc26e6a19f0c9d938c207c5cb0eadfcabbe3",
                "sha256:95d91d7317cde40a1c249d6b7382750b7e6d86fad9d8eaf4fa3f8f44cf171e80",
                "sha256:961834e2f2b863a0e14260a9a273aff07ff7818ab6e66d2addf5628590c628f9",
                "sha256:9702b59d582ff1e184945d8b501ffdd08d2cee38d93a2206aa5f1365ce0b8d78",
                "sha256:98cede73eb83c31e2118ae8d379c12e3e42736903a8afcca92a7218e1f2903b0",
                "sha256:99c4283e2a0e147b9c9cc6bc9c96124de9419d6044837e9799763a0e29a7321a",
                "sha256:99e1a305c7765631d74b98bf7dbf54eeea931f975e80f115437d23848ee8c27c",
                "sha256:a517feaf3a0a3eca1ee985d8373135cfdedfbba3882a5eab4362bda7c7cf518d",
                "sha256:a80f7aef9535442bdcf562e5a0d5a5538ce8abe6bb209cfbf170c462ac2c2a32",
                "sha256:ac765b026c9f33044419cbba1da913cfb82cca1b60598ac1c7a5ed6aac4621a0",
                "sha256:acf36b8268785aad739443fa2780c16260ee3fa09d12b3a70f772ef100939d80",
                "sha256:adec1d980fa07e60b6ef865f9e5410ba760e4e1d26f60f7e5772c73b9a5b0713",
                "sha256:b0353b0f0850d49ada66fdd7d0c7cdb0f86b900bb9e367024fd14a60cecc1e27",
                "sha256:b37201ce4a458c7a758ecc4efa92fa8ed783c66e0fa3c42ae19fc454a0792153",
                "sha256:bf9a19f5012dab774628491659646335b1928cfc931bf8d97b0d5918dd58033c",
                "sha256:c61fc91ab80b23f5fddbee342d19662f3d3328173229caded831aa0bd7595460",
                "sha256:c68018e4fc4e14b5668f1353b41ccf4bc83ba355f0e1b3836861c6f042d89ac1",
                "sha256:c706db3cabb7ceef779de68270150665e710b46d56372455cd741184f3868d8f",
                "sha256:c83f6afb480eae0313114297d29d7c295670a41c11b274e6bca0c64540c1ce7b",
                "sha256:c8a3ec16e34ef980a46f60dc6ad86ec60f763c3f2fa0db6d261e6e754f72e945",
                "sha256:c9a8b7a34a4de3ed987f636f71881cd3b8339f61118b1aa311fbda12741bff0b",
                "sha256:cd4b2b0707fc55afa160cd5fc33b27ccbf75ca11d81f4ec9863d5793fc6df56a",
                "sha256:d6b9ae13d5d3e8aeca9ca94198aa7b3ebbc5acfada557d724f2a1f03d2c0b0df",
                "sha256:d8fd7879082953c156d5b13c74aa6cca37f6a6f4747b39538504c3f9c63d043d",
                "sha256:d9369a23186d189b2fc95cc08b8160ba242057e887d766864f7adf3c46b2df21",
                "sha256:db4a1d897bbbe7339946ffa2fe60c10cc81c43fab8b062d3fcb84188688174a4",
                "sha256:df4ec1f8540b0bcbe26ca7dd0f541847cc8a108b35596f9f91f59f0c060bfdd2",
                "sha256:e132b9152749bd33534e5bd8565c7576f135f157b4029b975e15ee184325f528",
                "sha256:e3fb1fa01d3598002777dd259c0c2e6d9d5e10e7222976fc8e03992f972a2cba",
                "sha256:e41be6f0f19da64af13403e52f2dec38bbc2937af54df8ecef10850ff8d35301",
                "sha256:ec98435796d2624d6905820a42f82149ee9fc4f2d45c2c5bc5a44481cc50db62",
                "sha256:efeda443000aa23f276f4df973cb82beca682fd800bb119d19e80504ffe53ec2",
                "sha256:f2a6a8e06bbda06f78739f40bfb56c45d14eb8249d0f0ea6d4b3d48e1f7c695d",
                "sha256:f32ff80e7ef6a5b5b606ea69a36e97b219cd9dc799bcf2963018a4d8f788cfbf",
                "sha256:f35ed9d945bece26553d5b4c8630453169672bea0050a564456eb88bdffd927e",
                "sha256:f644a3ae5933a552a29dbb9aa2f90c677a875f80ebea028e5a52a4f429044b90",
                "sha256:f863c08f4ff6b64fa8045b1e3da480f5374779ef187f07b82e0538c68cb4ff8e",
                "sha256:fc53ba868875bfbb66ee447d64d6413c2db91fddcfca57025a0e7ab5b07d5862",
                "sha256:ff8a991f70f4c0cf53088abf1e3886edcc87d53004c7bb94e78650b4d3dac3b5",
                "sha256:ffea0575345e9ee0144dfe5701aa17f3ba546f8c3bb48db62ae101afb740e7d6"
            ],
            "index": "pypi",
            "markers": "python_version >= '3.9'",
            "version": "==7.10.6"
        }
    }
}
